
Microsoft Visual Studio Solution File, Format Version 12.00
# Visual Studio 15
VisualStudioVersion = 15.0.27703.2000
MinimumVisualStudioVersion = 10.0.40219.1
Project("{FAE04EC0-301F-11D3-BF4B-00C04F79EFBC}") = "easyfiscrm-api", "easyfiscrm-api\easyfiscrm-api.csproj", "{7BFC8CE8-5EB3-4DF3-B24D-D00CADE678CD}"
EndProject
Global
	GlobalSection(SolutionConfigurationPlatforms) = preSolution
		Debug|Any CPU = Debug|Any CPU
		Release|Any CPU = Release|Any CPU
	EndGlobalSection
	GlobalSection(ProjectConfigurationPlatforms) = postSolution
		{7BFC8CE8-5EB3-4DF3-B24D-D00CADE678CD}.Debug|Any CPU.ActiveCfg = Debug|Any CPU
		{7BFC8CE8-5EB3-4DF3-B24D-D00CADE678CD}.Debug|Any CPU.Build.0 = Debug|Any CPU
		{7BFC8CE8-5EB3-4DF3-B24D-D00CADE678CD}.Release|Any CPU.ActiveCfg = Release|Any CPU
		{7BFC8CE8-5EB3-4DF3-B24D-D00CADE678CD}.Release|Any CPU.Build.0 = Release|Any CPU
	EndGlobalSection
	GlobalSection(SolutionProperties) = preSolution
		HideSolutionNode = FALSE
	EndGlobalSection
	GlobalSection(ExtensibilityGlobals) = postSolution
		SolutionGuid = {C6D73777-4E0C-45E9-9114-DFAA923B7054}
	EndGlobalSection
EndGlobal
